
Microsoft Visual Studio Solution File, Format Version 12.00
# Visual Studio 14
VisualStudioVersion = 14.0.25420.1
MinimumVisualStudioVersion = 10.0.40219.1
Project("{FAE04EC0-301F-11D3-BF4B-00C04F79EFBC}") = "Steam Apps Manager", "Steam Apps Manager\Steam Apps Manager.csproj", "{98A843F6-D4DD-4C74-B435-1EF8AC8671D9}"
EndProject
Global
	GlobalSection(SolutionConfigurationPlatforms) = preSolution
		Debug|Any CPU = Debug|Any CPU
		Release|Any CPU = Release|Any CPU
	EndGlobalSection
	GlobalSection(ProjectConfigurationPlatforms) = postSolution
		{98A843F6-D4DD-4C74-B435-1EF8AC8671D9}.Debug|Any CPU.ActiveCfg = Debug|Any CPU
		{98A843F6-D4DD-4C74-B435-1EF8AC8671D9}.Debug|Any CPU.Build.0 = Debug|Any CPU
		{98A843F6-D4DD-4C74-B435-1EF8AC8671D9}.Release|Any CPU.ActiveCfg = Release|Any CPU
		{98A843F6-D4DD-4C74-B435-1EF8AC8671D9}.Release|Any CPU.Build.0 = Release|Any CPU
	EndGlobalSection
	GlobalSection(SolutionProperties) = preSolution
		HideSolutionNode = FALSE
	EndGlobalSection
EndGlobal
